<Solution>
  <Folder Name="/.build/">
    <File Path="Directory.Build.props" />
    <File Path="global.json" />
  </Folder>
  <Folder Name="/.scm/">
    <File Path=".gitignore" />
  </Folder>
  <Folder Name="/src/">
    <Project Path="src/Personal.Dashboard.Api.Host/Personal.Dashboard.Api.Host.csproj" />
    <Project Path="src/Personal.Dashboard.Aspire.Defaults/Personal.Dashboard.Aspire.Defaults.csproj" />
    <Project Path="src/Personal.Dashboard.Core/Personal.Dashboard.Core.csproj" />
    <Project Path="src/Personal.Dashboard.Host/Personal.Dashboard.Host.csproj" />
    <Project Path="src/Personal.Dashboard.Models/Personal.Dashboard.Models.csproj" />
    <Project Path="src/Personal.Dashboard.Web.Host/Personal.Dashboard.Web.Host.csproj" />
  </Folder>
  <Folder Name="/tests/">
    <Project Path="tests/Personal.Dashboard.Api.Host.Tests/Personal.Dashboard.Api.Host.Tests.csproj" />
    <Project Path="tests/Personal.Dashboard.Core.Tests/Personal.Dashboard.Core.Tests.csproj" />
    <Project Path="tests/Personal.Dashboard.Host.Tests/Personal.Dashboard.Host.Tests.csproj" />
    <Project Path="tests/Personal.Dashboard.Test.Support/Personal.Dashboard.Test.Support.csproj" />
    <Project Path="tests/Personal.Dashboard.Web.Host.Tests/Personal.Dashboard.Web.Host.Tests.csproj" />
  </Folder>
</Solution>
